// !$*UTF8*$!
{
	archiveVersion = 1;
	classes = {
	};
	objectVersion = 77;
	objects = {

/* Begin PBXBuildFile section */
		42921E572DB3F480006A072D /* AwardsCollectionApp.swift in Sources */ = {isa = PBXBuildFile; fileRef = 42921E542DB3F480006A072D /* AwardsCollectionApp.swift */; };
		42921E582DB3F480006A072D /* HypocycloidView.swift in Sources */ = {isa = PBXBuildFile; fileRef = 42921E552DB3F480006A072D /* HypocycloidView.swift */; };
		42921E592DB3F480006A072D /* Assets.xcassets in Resources */ = {isa = PBXBuildFile; fileRef = 42921E532DB3F480006A072D /* Assets.xcassets */; };
		42921E5B2DB3F4C1006A072D /* AwardsView.swift in Sources */ = {isa = PBXBuildFile; fileRef = 42921E5A2DB3F4C1006A072D /* AwardsView.swift */; };
		42921E5D2DB3F55E006A072D /* CartRacingView.swift in Sources */ = {isa = PBXBuildFile; fileRef = 42921E5C2DB3F55E006A072D /* CartRacingView.swift */; };
		42921E5F2DB3F6D1006A072D /* GradientRectangles.swift in Sources */ = {isa = PBXBuildFile; fileRef = 42921E5E2DB3F6D1006A072D /* GradientRectangles.swift */; };
		42921E612DB3F732006A072D /* PathView.swift in Sources */ = {isa = PBXBuildFile; fileRef = 42921E602DB3F732006A072D /* PathView.swift */; };
		42921E632DB3F76E006A072D /* CurvesView.swift in Sources */ = {isa = PBXBuildFile; fileRef = 42921E622DB3F76E006A072D /* CurvesView.swift */; };
		42921E652DB8FD45006A072D /* MainView.swift in Sources */ = {isa = PBXBuildFile; fileRef = 42921E642DB8FD45006A072D /* MainView.swift */; };
		42921E672DBFED1C006A072D /* StarterView.swift in Sources */ = {isa = PBXBuildFile; fileRef = 42921E662DBFED1C006A072D /* StarterView.swift */; };
		42921E6A2DC28273006A072D /* Award.swift in Sources */ = {isa = PBXBuildFile; fileRef = 42921E692DC28273006A072D /* Award.swift */; };
		42921E6C2DC3D7C8006A072D /* AnimationOfStar.swift in Sources */ = {isa = PBXBuildFile; fileRef = 42921E6B2DC3D7C8006A072D /* AnimationOfStar.swift */; };
		42921E6E2DC3D846006A072D /* StarView.swift in Sources */ = {isa = PBXBuildFile; fileRef = 42921E6D2DC3D846006A072D /* StarView.swift */; };
/* End PBXBuildFile section */

/* Begin PBXFileReference section */
		42921E452DB3F461006A072D /* AwardsCollection.app */ = {isa = PBXFileReference; explicitFileType = wrapper.application; includeInIndex = 0; path = AwardsCollection.app; sourceTree = BUILT_PRODUCTS_DIR; };
		42921E532DB3F480006A072D /* Assets.xcassets */ = {isa = PBXFileReference; lastKnownFileType = folder.assetcatalog; path = Assets.xcassets; sourceTree = "<group>"; };
		42921E542DB3F480006A072D /* AwardsCollectionApp.swift */ = {isa = PBXFileReference; lastKnownFileType = sourcecode.swift; path = AwardsCollectionApp.swift; sourceTree = "<group>"; };
		42921E552DB3F480006A072D /* HypocycloidView.swift */ = {isa = PBXFileReference; lastKnownFileType = sourcecode.swift; path = HypocycloidView.swift; sourceTree = "<group>"; };
		42921E5A2DB3F4C1006A072D /* AwardsView.swift */ = {isa = PBXFileReference; lastKnownFileType = sourcecode.swift; path = AwardsView.swift; sourceTree = "<group>"; };
		42921E5C2DB3F55E006A072D /* CartRacingView.swift */ = {isa = PBXFileReference; lastKnownFileType = sourcecode.swift; path = CartRacingView.swift; sourceTree = "<group>"; };
		42921E5E2DB3F6D1006A072D /* GradientRectangles.swift */ = {isa = PBXFileReference; lastKnownFileType = sourcecode.swift; path = GradientRectangles.swift; sourceTree = "<group>"; };
		42921E602DB3F732006A072D /* PathView.swift */ = {isa = PBXFileReference; lastKnownFileType = sourcecode.swift; path = PathView.swift; sourceTree = "<group>"; };
		42921E622DB3F76E006A072D /* CurvesView.swift */ = {isa = PBXFileReference; lastKnownFileType = sourcecode.swift; path = CurvesView.swift; sourceTree = "<group>"; };
		42921E642DB8FD45006A072D /* MainView.swift */ = {isa = PBXFileReference; lastKnownFileType = sourcecode.swift; path = MainView.swift; sourceTree = "<group>"; };
		42921E662DBFED1C006A072D /* StarterView.swift */ = {isa = PBXFileReference; lastKnownFileType = sourcecode.swift; path = StarterView.swift; sourceTree = "<group>"; };
		42921E692DC28273006A072D /* Award.swift */ = {isa = PBXFileReference; lastKnownFileType = sourcecode.swift; path = Award.swift; sourceTree = "<group>"; };
		42921E6B2DC3D7C8006A072D /* AnimationOfStar.swift */ = {isa = PBXFileReference; lastKnownFileType = sourcecode.swift; path = AnimationOfStar.swift; sourceTree = "<group>"; };
		42921E6D2DC3D846006A072D /* StarView.swift */ = {isa = PBXFileReference; lastKnownFileType = sourcecode.swift; path = StarView.swift; sourceTree = "<group>"; };
/* End PBXFileReference section */

/* Begin PBXFrameworksBuildPhase section */
		42921E422DB3F461006A072D /* Frameworks */ = {
			isa = PBXFrameworksBuildPhase;
			buildActionMask = 2147483647;
			files = (
			);
			runOnlyForDeploymentPostprocessing = 0;
		};
/* End PBXFrameworksBuildPhase section */

/* Begin PBXGroup section */
		42921E3C2DB3F461006A072D = {
			isa = PBXGroup;
			children = (
				42921E562DB3F480006A072D /* AwardsCollection */,
				42921E462DB3F461006A072D /* Products */,
			);
			sourceTree = "<group>";
		};
		42921E462DB3F461006A072D /* Products */ = {
			isa = PBXGroup;
			children = (
				42921E452DB3F461006A072D /* AwardsCollection.app */,
			);
			name = Products;
			sourceTree = "<group>";
		};
		42921E562DB3F480006A072D /* AwardsCollection */ = {
			isa = PBXGroup;
			children = (
				42921E542DB3F480006A072D /* AwardsCollectionApp.swift */,
				42921E662DBFED1C006A072D /* StarterView.swift */,
				42921E642DB8FD45006A072D /* MainView.swift */,
				42921E5C2DB3F55E006A072D /* CartRacingView.swift */,
				42921E5A2DB3F4C1006A072D /* AwardsView.swift */,
				42921E6B2DC3D7C8006A072D /* AnimationOfStar.swift */,
				42921E682DC28254006A072D /* Awards */,
				42921E532DB3F480006A072D /* Assets.xcassets */,
			);
			path = AwardsCollection;
			sourceTree = "<group>";
		};
		42921E682DC28254006A072D /* Awards */ = {
			isa = PBXGroup;
			children = (
				42921E5E2DB3F6D1006A072D /* GradientRectangles.swift */,
				42921E602DB3F732006A072D /* PathView.swift */,
				42921E622DB3F76E006A072D /* CurvesView.swift */,
				42921E552DB3F480006A072D /* HypocycloidView.swift */,
				42921E692DC28273006A072D /* Award.swift */,
				42921E6D2DC3D846006A072D /* StarView.swift */,
			);
			path = Awards;
			sourceTree = "<group>";
		};
/* End PBXGroup section */

/* Begin PBXNativeTarget section */
		42921E442DB3F461006A072D /* AwardsCollection */ = {
			isa = PBXNativeTarget;
			buildConfigurationList = 42921E502DB3F462006A072D /* Build configuration list for PBXNativeTarget "AwardsCollection" */;
			buildPhases = (
				42921E412DB3F461006A072D /* Sources */,
				42921E422DB3F461006A072D /* Frameworks */,
				42921E432DB3F461006A072D /* Resources */,
			);
			buildRules = (
			);
			dependencies = (
			);
			name = AwardsCollection;
			packageProductDependencies = (
			);
			productName = AwardsCollection;
			productReference = 42921E452DB3F461006A072D /* AwardsCollection.app */;
			productType = "com.apple.product-type.application";
		};
/* End PBXNativeTarget section */

/* Begin PBXProject section */
		42921E3D2DB3F461006A072D /* Project object */ = {
			isa = PBXProject;
			attributes = {
				BuildIndependentTargetsInParallel = 1;
				LastSwiftUpdateCheck = 1630;
				LastUpgradeCheck = 1630;
				TargetAttributes = {
					42921E442DB3F461006A072D = {
						CreatedOnToolsVersion = 16.3;
					};
				};
			};
			buildConfigurationList = 42921E402DB3F461006A072D /* Build configuration list for PBXProject "AwardsCollection" */;
			developmentRegion = en;
			hasScannedForEncodings = 0;
			knownRegions = (
				en,
				Base,
			);
			mainGroup = 42921E3C2DB3F461006A072D;
			minimizedProjectReferenceProxies = 1;
			preferredProjectObjectVersion = 77;
			productRefGroup = 42921E462DB3F461006A072D /* Products */;
			projectDirPath = "";
			projectRoot = "";
			targets = (
				42921E442DB3F461006A072D /* AwardsCollection */,
			);
		};
/* End PBXProject section */

/* Begin PBXResourcesBuildPhase section */
		42921E432DB3F461006A072D /* Resources */ = {
			isa = PBXResourcesBuildPhase;
			buildActionMask = 2147483647;
			files = (
				42921E592DB3F480006A072D /* Assets.xcassets in Resources */,
			);
			runOnlyForDeploymentPostprocessing = 0;
		};
/* End PBXResourcesBuildPhase section */

/* Begin PBXSourcesBuildPhase section */
		42921E412DB3F461006A072D /* Sources */ = {
			isa = PBXSourcesBuildPhase;
			buildActionMask = 2147483647;
			files = (
				42921E5D2DB3F55E006A072D /* CartRacingView.swift in Sources */,
				42921E652DB8FD45006A072D /* MainView.swift in Sources */,
				42921E632DB3F76E006A072D /* CurvesView.swift in Sources */,
				42921E6A2DC28273006A072D /* Award.swift in Sources */,
				42921E612DB3F732006A072D /* PathView.swift in Sources */,
				42921E572DB3F480006A072D /* AwardsCollectionApp.swift in Sources */,
				42921E6E2DC3D846006A072D /* StarView.swift in Sources */,
				42921E672DBFED1C006A072D /* StarterView.swift in Sources */,
				42921E6C2DC3D7C8006A072D /* AnimationOfStar.swift in Sources */,
				42921E582DB3F480006A072D /* HypocycloidView.swift in Sources */,
				42921E5B2DB3F4C1006A072D /* AwardsView.swift in Sources */,
				42921E5F2DB3F6D1006A072D /* GradientRectangles.swift in Sources */,
			);
			runOnlyForDeploymentPostprocessing = 0;
		};
/* End PBXSourcesBuildPhase section */

/* Begin XCBuildConfiguration section */
		42921E4E2DB3F462006A072D /* Debug */ = {
			isa = XCBuildConfiguration;
			buildSettings = {
				ALWAYS_SEARCH_USER_PATHS = NO;
				ASSETCATALOG_COMPILER_GENERATE_SWIFT_ASSET_SYMBOL_EXTENSIONS = YES;
				CLANG_ANALYZER_NONNULL = YES;
				CLANG_ANALYZER_NUMBER_OBJECT_CONVERSION = YES_AGGRESSIVE;
				CLANG_CXX_LANGUAGE_STANDARD = "gnu++20";
				CLANG_ENABLE_MODULES = YES;
				CLANG_ENABLE_OBJC_ARC = YES;
				CLANG_ENABLE_OBJC_WEAK = YES;
				CLANG_WARN_BLOCK_CAPTURE_AUTORELEASING = YES;
				CLANG_WARN_BOOL_CONVERSION = YES;
				CLANG_WARN_COMMA = YES;
				CLANG_WARN_CONSTANT_CONVERSION = YES;
				CLANG_WARN_DEPRECATED_OBJC_IMPLEMENTATIONS = YES;
				CLANG_WARN_DIRECT_OBJC_ISA_USAGE = YES_ERROR;
				CLANG_WARN_DOCUMENTATION_COMMENTS = YES;
				CLANG_WARN_EMPTY_BODY = YES;
				CLANG_WARN_ENUM_CONVERSION = YES;
				CLANG_WARN_INFINITE_RECURSION = YES;
				CLANG_WARN_INT_CONVERSION = YES;
				CLANG_WARN_NON_LITERAL_NULL_CONVERSION = YES;
				CLANG_WARN_OBJC_IMPLICIT_RETAIN_SELF = YES;
				CLANG_WARN_OBJC_LITERAL_CONVERSION = YES;
				CLANG_WARN_OBJC_ROOT_CLASS = YES_ERROR;
				CLANG_WARN_QUOTED_INCLUDE_IN_FRAMEWORK_HEADER = YES;
				CLANG_WARN_RANGE_LOOP_ANALYSIS = YES;
				CLANG_WARN_STRICT_PROTOTYPES = YES;
				CLANG_WARN_SUSPICIOUS_MOVE = YES;
				CLANG_WARN_UNGUARDED_AVAILABILITY = YES_AGGRESSIVE;
				CLANG_WARN_UNREACHABLE_CODE = YES;
				CLANG_WARN__DUPLICATE_METHOD_MATCH = YES;
				COPY_PHASE_STRIP = NO;
				DEBUG_INFORMATION_FORMAT = dwarf;
				DEVELOPMENT_TEAM = Q4C935HFS8;
				ENABLE_STRICT_OBJC_MSGSEND = YES;
				ENABLE_TESTABILITY = YES;
				ENABLE_USER_SCRIPT_SANDBOXING = YES;
				GCC_C_LANGUAGE_STANDARD = gnu17;
				GCC_DYNAMIC_NO_PIC = NO;
				GCC_NO_COMMON_BLOCKS = YES;
				GCC_OPTIMIZATION_LEVEL = 0;
				GCC_PREPROCESSOR_DEFINITIONS = (
					"DEBUG=1",
					"$(inherited)",
				);
				GCC_WARN_64_TO_32_BIT_CONVERSION = YES;
				GCC_WARN_ABOUT_RETURN_TYPE = YES_ERROR;
				GCC_WARN_UNDECLARED_SELECTOR = YES;
				GCC_WARN_UNINITIALIZED_AUTOS = YES_AGGRESSIVE;
				GCC_WARN_UNUSED_FUNCTION = YES;
				GCC_WARN_UNUSED_VARIABLE = YES;
				IPHONEOS_DEPLOYMENT_TARGET = 18.4;
				LOCALIZATION_PREFERS_STRING_CATALOGS = YES;
				MTL_ENABLE_DEBUG_INFO = INCLUDE_SOURCE;
				MTL_FAST_MATH = YES;
				ONLY_ACTIVE_ARCH = YES;
				SDKROOT = iphoneos;
				SWIFT_ACTIVE_COMPILATION_CONDITIONS = "DEBUG $(inherited)";
				SWIFT_OPTIMIZATION_LEVEL = "-Onone";
			};
			name = Debug;
		};
		42921E4F2DB3F462006A072D /* Release */ = {
			isa = XCBuildConfiguration;
			buildSettings = {
				ALWAYS_SEARCH_USER_PATHS = NO;
				ASSETCATALOG_COMPILER_GENERATE_SWIFT_ASSET_SYMBOL_EXTENSIONS = YES;
				CLANG_ANALYZER_NONNULL = YES;
				CLANG_ANALYZER_NUMBER_OBJECT_CONVERSION = YES_AGGRESSIVE;
				CLANG_CXX_LANGUAGE_STANDARD = "gnu++20";
				CLANG_ENABLE_MODULES = YES;
				CLANG_ENABLE_OBJC_ARC = YES;
				CLANG_ENABLE_OBJC_WEAK = YES;
				CLANG_WARN_BLOCK_CAPTURE_AUTORELEASING = YES;
				CLANG_WARN_BOOL_CONVERSION = YES;
				CLANG_WARN_COMMA = YES;
				CLANG_WARN_CONSTANT_CONVERSION = YES;
				CLANG_WARN_DEPRECATED_OBJC_IMPLEMENTATIONS = YES;
				CLANG_WARN_DIRECT_OBJC_ISA_USAGE = YES_ERROR;
				CLANG_WARN_DOCUMENTATION_COMMENTS = YES;
				CLANG_WARN_EMPTY_BODY = YES;
				CLANG_WARN_ENUM_CONVERSION = YES;
				CLANG_WARN_INFINITE_RECURSION = YES;
				CLANG_WARN_INT_CONVERSION = YES;
				CLANG_WARN_NON_LITERAL_NULL_CONVERSION = YES;
				CLANG_WARN_OBJC_IMPLICIT_RETAIN_SELF = YES;
				CLANG_WARN_OBJC_LITERAL_CONVERSION = YES;
				CLANG_WARN_OBJC_ROOT_CLASS = YES_ERROR;
				CLANG_WARN_QUOTED_INCLUDE_IN_FRAMEWORK_HEADER = YES;
				CLANG_WARN_RANGE_LOOP_ANALYSIS = YES;
				CLANG_WARN_STRICT_PROTOTYPES = YES;
				CLANG_WARN_SUSPICIOUS_MOVE = YES;
				CLANG_WARN_UNGUARDED_AVAILABILITY = YES_AGGRESSIVE;
				CLANG_WARN_UNREACHABLE_CODE = YES;
				CLANG_WARN__DUPLICATE_METHOD_MATCH = YES;
				COPY_PHASE_STRIP = NO;
				DEBUG_INFORMATION_FORMAT = "dwarf-with-dsym";
				DEVELOPMENT_TEAM = Q4C935HFS8;
				ENABLE_NS_ASSERTIONS = NO;
				ENABLE_STRICT_OBJC_MSGSEND = YES;
				ENABLE_USER_SCRIPT_SANDBOXING = YES;
				GCC_C_LANGUAGE_STANDARD = gnu17;
				GCC_NO_COMMON_BLOCKS = YES;
				GCC_WARN_64_TO_32_BIT_CONVERSION = YES;
				GCC_WARN_ABOUT_RETURN_TYPE = YES_ERROR;
				GCC_WARN_UNDECLARED_SELECTOR = YES;
				GCC_WARN_UNINITIALIZED_AUTOS = YES_AGGRESSIVE;
				GCC_WARN_UNUSED_FUNCTION = YES;
				GCC_WARN_UNUSED_VARIABLE = YES;
				IPHONEOS_DEPLOYMENT_TARGET = 18.4;
				LOCALIZATION_PREFERS_STRING_CATALOGS = YES;
				MTL_ENABLE_DEBUG_INFO = NO;
				MTL_FAST_MATH = YES;
				SDKROOT = iphoneos;
				SWIFT_COMPILATION_MODE = wholemodule;
				VALIDATE_PRODUCT = YES;
			};
			name = Release;
		};
		42921E512DB3F462006A072D /* Debug */ = {
			isa = XCBuildConfiguration;
			buildSettings = {
				ASSETCATALOG_COMPILER_APPICON_NAME = AppIcon;
				ASSETCATALOG_COMPILER_GLOBAL_ACCENT_COLOR_NAME = AccentColor;
				CODE_SIGN_STYLE = Automatic;
				CURRENT_PROJECT_VERSION = 1;
				DEVELOPMENT_TEAM = Q4C935HFS8;
				ENABLE_PREVIEWS = YES;
				GENERATE_INFOPLIST_FILE = YES;
				INFOPLIST_KEY_UIApplicationSceneManifest_Generation = YES;
				INFOPLIST_KEY_UIApplicationSupportsIndirectInputEvents = YES;
				INFOPLIST_KEY_UILaunchScreen_Generation = YES;
				INFOPLIST_KEY_UISupportedInterfaceOrientations = "UIInterfaceOrientationLandscapeLeft UIInterfaceOrientationLandscapeRight UIInterfaceOrientationPortrait";
				INFOPLIST_KEY_UISupportedInterfaceOrientations_iPad = "UIInterfaceOrientationLandscapeLeft UIInterfaceOrientationLandscapeRight UIInterfaceOrientationPortrait UIInterfaceOrientationPortraitUpsideDown";
				LD_RUNPATH_SEARCH_PATHS = (
					"$(inherited)",
					"@executable_path/Frameworks",
				);
				MARKETING_VERSION = 1.0;
				PRODUCT_BUNDLE_IDENTIFIER = "Alexander-Shevtsov.AwardsCollection";
				PRODUCT_NAME = "$(TARGET_NAME)";
				SUPPORTED_PLATFORMS = "iphoneos iphonesimulator";
				SUPPORTS_MACCATALYST = NO;
				SUPPORTS_MAC_DESIGNED_FOR_IPHONE_IPAD = NO;
				SUPPORTS_XR_DESIGNED_FOR_IPHONE_IPAD = NO;
				SWIFT_EMIT_LOC_STRINGS = YES;
				SWIFT_VERSION = 5.0;
				TARGETED_DEVICE_FAMILY = 1;
			};
			name = Debug;
		};
		42921E522DB3F462006A072D /* Release */ = {
			isa = XCBuildConfiguration;
			buildSettings = {
				ASSETCATALOG_COMPILER_APPICON_NAME = AppIcon;
				ASSETCATALOG_COMPILER_GLOBAL_ACCENT_COLOR_NAME = AccentColor;
				CODE_SIGN_STYLE = Automatic;
				CURRENT_PROJECT_VERSION = 1;
				DEVELOPMENT_TEAM = Q4C935HFS8;
				ENABLE_PREVIEWS = YES;
				GENERATE_INFOPLIST_FILE = YES;
				INFOPLIST_KEY_UIApplicationSceneManifest_Generation = YES;
				INFOPLIST_KEY_UIApplicationSupportsIndirectInputEvents = YES;
				INFOPLIST_KEY_UILaunchScreen_Generation = YES;
				INFOPLIST_KEY_UISupportedInterfaceOrientations = "UIInterfaceOrientationLandscapeLeft UIInterfaceOrientationLandscapeRight UIInterfaceOrientationPortrait";
				INFOPLIST_KEY_UISupportedInterfaceOrientations_iPad = "UIInterfaceOrientationLandscapeLeft UIInterfaceOrientationLandscapeRight UIInterfaceOrientationPortrait UIInterfaceOrientationPortraitUpsideDown";
				LD_RUNPATH_SEARCH_PATHS = (
					"$(inherited)",
					"@executable_path/Frameworks",
				);
				MARKETING_VERSION = 1.0;
				PRODUCT_BUNDLE_IDENTIFIER = "Alexander-Shevtsov.AwardsCollection";
				PRODUCT_NAME = "$(TARGET_NAME)";
				SUPPORTED_PLATFORMS = "iphoneos iphonesimulator";
				SUPPORTS_MACCATALYST = NO;
				SUPPORTS_MAC_DESIGNED_FOR_IPHONE_IPAD = NO;
				SUPPORTS_XR_DESIGNED_FOR_IPHONE_IPAD = NO;
				SWIFT_EMIT_LOC_STRINGS = YES;
				SWIFT_VERSION = 5.0;
				TARGETED_DEVICE_FAMILY = 1;
			};
			name = Release;
		};
/* End XCBuildConfiguration section */

/* Begin XCConfigurationList section */
		42921E402DB3F461006A072D /* Build configuration list for PBXProject "AwardsCollection" */ = {
			isa = XCConfigurationList;
			buildConfigurations = (
				42921E4E2DB3F462006A072D /* Debug */,
				42921E4F2DB3F462006A072D /* Release */,
			);
			defaultConfigurationIsVisible = 0;
			defaultConfigurationName = Release;
		};
		42921E502DB3F462006A072D /* Build configuration list for PBXNativeTarget "AwardsCollection" */ = {
			isa = XCConfigurationList;
			buildConfigurations = (
				42921E512DB3F462006A072D /* Debug */,
				42921E522DB3F462006A072D /* Release */,
			);
			defaultConfigurationIsVisible = 0;
			defaultConfigurationName = Release;
		};
/* End XCConfigurationList section */
	};
	rootObject = 42921E3D2DB3F461006A072D /* Project object */;
}
